
Microsoft Visual Studio Solution File, Format Version 12.00
# Visual Studio Version 16
VisualStudioVersion = 16.0.30114.105
MinimumVisualStudioVersion = 10.0.40219.1
Project("{FAE04EC0-301F-11D3-BF4B-00C04F79EFBC}") = "Moth.Tasks", "Moth.Tasks.csproj", "{8C2E2B3B-F2AA-47EA-9310-B2540E798F7E}"
EndProject
Global
	GlobalSection(SolutionConfigurationPlatforms) = preSolution
		Debug|Any CPU = Debug|Any CPU
		Release|Any CPU = Release|Any CPU
	EndGlobalSection
	GlobalSection(ProjectConfigurationPlatforms) = postSolution
		{8C2E2B3B-F2AA-47EA-9310-B2540E798F7E}.Debug|Any CPU.ActiveCfg = Debug|Any CPU
		{8C2E2B3B-F2AA-47EA-9310-B2540E798F7E}.Debug|Any CPU.Build.0 = Debug|Any CPU
		{8C2E2B3B-F2AA-47EA-9310-B2540E798F7E}.Release|Any CPU.ActiveCfg = Release|Any CPU
		{8C2E2B3B-F2AA-47EA-9310-B2540E798F7E}.Release|Any CPU.Build.0 = Release|Any CPU
	EndGlobalSection
	GlobalSection(SolutionProperties) = preSolution
		HideSolutionNode = FALSE
	EndGlobalSection
	GlobalSection(ExtensibilityGlobals) = postSolution
		SolutionGuid = {2A1EDC7A-94AB-4F0F-AEC6-0D27A32AE853}
	EndGlobalSection
EndGlobal
